
Microsoft Visual Studio Solution File, Format Version 12.00
# Visual Studio 2012
Project("{FAE04EC0-301F-11D3-BF4B-00C04F79EFBC}") = "sudokuv2", "sudokuv2\sudokuv2.csproj", "{F1F023F4-EBAF-403D-983F-3B289CB0527C}"
EndProject
Global
	GlobalSection(SolutionConfigurationPlatforms) = preSolution
		Debug|Any CPU = Debug|Any CPU
		Release|Any CPU = Release|Any CPU
	EndGlobalSection
	GlobalSection(ProjectConfigurationPlatforms) = postSolution
		{F1F023F4-EBAF-403D-983F-3B289CB0527C}.Debug|Any CPU.ActiveCfg = Debug|Any CPU
		{F1F023F4-EBAF-403D-983F-3B289CB0527C}.Debug|Any CPU.Build.0 = Debug|Any CPU
		{F1F023F4-EBAF-403D-983F-3B289CB0527C}.Release|Any CPU.ActiveCfg = Release|Any CPU
		{F1F023F4-EBAF-403D-983F-3B289CB0527C}.Release|Any CPU.Build.0 = Release|Any CPU
	EndGlobalSection
	GlobalSection(SolutionProperties) = preSolution
		HideSolutionNode = FALSE
	EndGlobalSection
EndGlobal
